
Microsoft Visual Studio Solution File, Format Version 12.00
# Visual Studio Version 17
VisualStudioVersion = 17.7.34003.232
MinimumVisualStudioVersion = 10.0.40219.1
Project("{9A19103F-16F7-4668-BE54-9A1E7A4F7556}") = "GecolPro.Main", "GecolPro.Main\GecolPro.Main.csproj", "{2D1A1AEA-D346-48CF-8F4B-5F8D836FC617}"
EndProject
Project("{9A19103F-16F7-4668-BE54-9A1E7A4F7556}") = "ClassLibrary.Models", "ClassLibrary.Models\ClassLibrary.Models.csproj", "{0C2C03C8-0E1E-42A8-9E7F-77D523E6CAE3}"
EndProject
Project("{9A19103F-16F7-4668-BE54-9A1E7A4F7556}") = "ClassLibrary.Services", "ClassLibrary.Services\ClassLibrary.Services.csproj", "{A941617B-9EBD-4D51-894D-C89776D52C64}"
EndProject
Project("{9A19103F-16F7-4668-BE54-9A1E7A4F7556}") = "ClassLibrary.DataAccess", "ClassLibrary.DataAccess\ClassLibrary.DataAccess.csproj", "{F087FCC4-7E9B-4F80-8D69-DCF6C22C1727}"
EndProject
Project("{9A19103F-16F7-4668-BE54-9A1E7A4F7556}") = "WebApI.TestDataAccess", "WebApI.TestDataAccess\WebApI.TestDataAccess.csproj", "{A9C1CEF3-043E-47D9-A5BB-17E2D64A911B}"
EndProject
Project("{9A19103F-16F7-4668-BE54-9A1E7A4F7556}") = "ConsoleAppTest", "ConsoleAppTest\ConsoleAppTest.csproj", "{DA12C89A-8F51-42AA-A269-12913012A0EC}"
EndProject
Project("{9A19103F-16F7-4668-BE54-9A1E7A4F7556}") = "ClassLibrary.DCBSystem", "ClassLibrary.DCBSystem\ClassLibrary.DCBSystem.csproj", "{985E0F07-A308-4EEC-82B7-63D7EFE1EABF}"
EndProject
Project("{9A19103F-16F7-4668-BE54-9A1E7A4F7556}") = "ClassLibrary.GecolSystem", "ClassLibrary.GecolSystem\ClassLibrary.GecolSystem.csproj", "{817BF6EE-2361-46FA-A5E9-AC80EE18EAFE}"
EndProject
Project("{FAE04EC0-301F-11D3-BF4B-00C04F79EFBC}") = "GecolPro.WebApi", "GecolPro.WebApi\GecolPro.WebApi.csproj", "{7B7CB013-CA65-4133-A019-166EA90401B5}"
EndProject
Project("{FAE04EC0-301F-11D3-BF4B-00C04F79EFBC}") = "GecolPro.Services", "GecolPro.Services\GecolPro.Services.csproj", "{E45DED2F-46FE-422B-A6AA-6502F97B8763}"
EndProject
Project("{FAE04EC0-301F-11D3-BF4B-00C04F79EFBC}") = "GecolPro.GecolSystem", "GecolPro.GecolSystem\GecolPro.GecolSystem.csproj", "{81DF266A-76EE-43D8-9539-9FB104833A38}"
EndProject
Project("{FAE04EC0-301F-11D3-BF4B-00C04F79EFBC}") = "GecolPro.Models", "GecolPro.Models\GecolPro.Models.csproj", "{852DA71B-ABB2-413A-B473-70F8D6864F46}"
EndProject
Project("{FAE04EC0-301F-11D3-BF4B-00C04F79EFBC}") = "GecolPro.DCBSystem", "GecolPro.DCBSystem\GecolPro.DCBSystem.csproj", "{172835C4-E6C9-481F-AFD9-5A3DD64E7269}"
EndProject
Global
	GlobalSection(SolutionConfigurationPlatforms) = preSolution
		Debug|Any CPU = Debug|Any CPU
		Release|Any CPU = Release|Any CPU
	EndGlobalSection
	GlobalSection(ProjectConfigurationPlatforms) = postSolution
		{2D1A1AEA-D346-48CF-8F4B-5F8D836FC617}.Debug|Any CPU.ActiveCfg = Debug|Any CPU
		{2D1A1AEA-D346-48CF-8F4B-5F8D836FC617}.Debug|Any CPU.Build.0 = Debug|Any CPU
		{2D1A1AEA-D346-48CF-8F4B-5F8D836FC617}.Release|Any CPU.ActiveCfg = Debug|Any CPU
		{2D1A1AEA-D346-48CF-8F4B-5F8D836FC617}.Release|Any CPU.Build.0 = Debug|Any CPU
		{0C2C03C8-0E1E-42A8-9E7F-77D523E6CAE3}.Debug|Any CPU.ActiveCfg = Debug|Any CPU
		{0C2C03C8-0E1E-42A8-9E7F-77D523E6CAE3}.Debug|Any CPU.Build.0 = Debug|Any CPU
		{0C2C03C8-0E1E-42A8-9E7F-77D523E6CAE3}.Release|Any CPU.ActiveCfg = Release|Any CPU
		{0C2C03C8-0E1E-42A8-9E7F-77D523E6CAE3}.Release|Any CPU.Build.0 = Release|Any CPU
		{A941617B-9EBD-4D51-894D-C89776D52C64}.Debug|Any CPU.ActiveCfg = Debug|Any CPU
		{A941617B-9EBD-4D51-894D-C89776D52C64}.Debug|Any CPU.Build.0 = Debug|Any CPU
		{A941617B-9EBD-4D51-894D-C89776D52C64}.Release|Any CPU.ActiveCfg = Release|Any CPU
		{A941617B-9EBD-4D51-894D-C89776D52C64}.Release|Any CPU.Build.0 = Release|Any CPU
		{F087FCC4-7E9B-4F80-8D69-DCF6C22C1727}.Debug|Any CPU.ActiveCfg = Debug|Any CPU
		{F087FCC4-7E9B-4F80-8D69-DCF6C22C1727}.Debug|Any CPU.Build.0 = Debug|Any CPU
		{F087FCC4-7E9B-4F80-8D69-DCF6C22C1727}.Release|Any CPU.ActiveCfg = Release|Any CPU
		{F087FCC4-7E9B-4F80-8D69-DCF6C22C1727}.Release|Any CPU.Build.0 = Release|Any CPU
		{A9C1CEF3-043E-47D9-A5BB-17E2D64A911B}.Debug|Any CPU.ActiveCfg = Debug|Any CPU
		{A9C1CEF3-043E-47D9-A5BB-17E2D64A911B}.Debug|Any CPU.Build.0 = Debug|Any CPU
		{A9C1CEF3-043E-47D9-A5BB-17E2D64A911B}.Release|Any CPU.ActiveCfg = Release|Any CPU
		{A9C1CEF3-043E-47D9-A5BB-17E2D64A911B}.Release|Any CPU.Build.0 = Release|Any CPU
		{DA12C89A-8F51-42AA-A269-12913012A0EC}.Debug|Any CPU.ActiveCfg = Debug|Any CPU
		{DA12C89A-8F51-42AA-A269-12913012A0EC}.Debug|Any CPU.Build.0 = Debug|Any CPU
		{DA12C89A-8F51-42AA-A269-12913012A0EC}.Release|Any CPU.ActiveCfg = Release|Any CPU
		{DA12C89A-8F51-42AA-A269-12913012A0EC}.Release|Any CPU.Build.0 = Release|Any CPU
		{985E0F07-A308-4EEC-82B7-63D7EFE1EABF}.Debug|Any CPU.ActiveCfg = Debug|Any CPU
		{985E0F07-A308-4EEC-82B7-63D7EFE1EABF}.Debug|Any CPU.Build.0 = Debug|Any CPU
		{985E0F07-A308-4EEC-82B7-63D7EFE1EABF}.Release|Any CPU.ActiveCfg = Release|Any CPU
		{985E0F07-A308-4EEC-82B7-63D7EFE1EABF}.Release|Any CPU.Build.0 = Release|Any CPU
		{817BF6EE-2361-46FA-A5E9-AC80EE18EAFE}.Debug|Any CPU.ActiveCfg = Debug|Any CPU
		{817BF6EE-2361-46FA-A5E9-AC80EE18EAFE}.Debug|Any CPU.Build.0 = Debug|Any CPU
		{817BF6EE-2361-46FA-A5E9-AC80EE18EAFE}.Release|Any CPU.ActiveCfg = Release|Any CPU
		{817BF6EE-2361-46FA-A5E9-AC80EE18EAFE}.Release|Any CPU.Build.0 = Release|Any CPU
		{7B7CB013-CA65-4133-A019-166EA90401B5}.Debug|Any CPU.ActiveCfg = Debug|Any CPU
		{7B7CB013-CA65-4133-A019-166EA90401B5}.Debug|Any CPU.Build.0 = Debug|Any CPU
		{7B7CB013-CA65-4133-A019-166EA90401B5}.Release|Any CPU.ActiveCfg = Release|Any CPU
		{7B7CB013-CA65-4133-A019-166EA90401B5}.Release|Any CPU.Build.0 = Release|Any CPU
		{E45DED2F-46FE-422B-A6AA-6502F97B8763}.Debug|Any CPU.ActiveCfg = Debug|Any CPU
		{E45DED2F-46FE-422B-A6AA-6502F97B8763}.Debug|Any CPU.Build.0 = Debug|Any CPU
		{E45DED2F-46FE-422B-A6AA-6502F97B8763}.Release|Any CPU.ActiveCfg = Release|Any CPU
		{E45DED2F-46FE-422B-A6AA-6502F97B8763}.Release|Any CPU.Build.0 = Release|Any CPU
		{81DF266A-76EE-43D8-9539-9FB104833A38}.Debug|Any CPU.ActiveCfg = Debug|Any CPU
		{81DF266A-76EE-43D8-9539-9FB104833A38}.Debug|Any CPU.Build.0 = Debug|Any CPU
		{81DF266A-76EE-43D8-9539-9FB104833A38}.Release|Any CPU.ActiveCfg = Release|Any CPU
		{81DF266A-76EE-43D8-9539-9FB104833A38}.Release|Any CPU.Build.0 = Release|Any CPU
		{852DA71B-ABB2-413A-B473-70F8D6864F46}.Debug|Any CPU.ActiveCfg = Debug|Any CPU
		{852DA71B-ABB2-413A-B473-70F8D6864F46}.Debug|Any CPU.Build.0 = Debug|Any CPU
		{852DA71B-ABB2-413A-B473-70F8D6864F46}.Release|Any CPU.ActiveCfg = Release|Any CPU
		{852DA71B-ABB2-413A-B473-70F8D6864F46}.Release|Any CPU.Build.0 = Release|Any CPU
		{172835C4-E6C9-481F-AFD9-5A3DD64E7269}.Debug|Any CPU.ActiveCfg = Debug|Any CPU
		{172835C4-E6C9-481F-AFD9-5A3DD64E7269}.Debug|Any CPU.Build.0 = Debug|Any CPU
		{172835C4-E6C9-481F-AFD9-5A3DD64E7269}.Release|Any CPU.ActiveCfg = Release|Any CPU
		{172835C4-E6C9-481F-AFD9-5A3DD64E7269}.Release|Any CPU.Build.0 = Release|Any CPU
	EndGlobalSection
	GlobalSection(SolutionProperties) = preSolution
		HideSolutionNode = FALSE
	EndGlobalSection
	GlobalSection(ExtensibilityGlobals) = postSolution
		SolutionGuid = {527D4A55-389D-42B0-BC05-A69F11B9B5CC}
	EndGlobalSection
EndGlobal
